{
  "name": "holiday-thing",
  "version": "1.0.0",
  "lockfileVersion": 1,
  "requires": true,
  "dependencies": {
    "magic-snowflakes": {
      "version": "3.0.0",
      "resolved": "https://registry.npmjs.org/magic-snowflakes/-/magic-snowflakes-3.0.0.tgz",
      "integrity": "sha512-S+lJX+5ZE1AC86VU+YTM2FQGLSneSPhWNz+CHCtpydSwF+Q1f0l5eihA2oXbvi+JQJSj9PX50UPhqahz44M6Lw=="
    }
  }
}
